// !$*UTF8*$!
{
	archiveVersion = 1;
	classes = {
	};
	objectVersion = 55;
	objects = {

/* Begin PBXBuildFile section */
		8A0B58362741CB5E00C77EFB /* AppleMusic in Frameworks */ = {isa = PBXBuildFile; productRef = 8A0B58352741CB5E00C77EFB /* AppleMusic */; };
		8A9AA3CE2742255500A03A4F /* RootCoordinator.swift in Sources */ = {isa = PBXBuildFile; fileRef = 8A9AA3CD2742255500A03A4F /* RootCoordinator.swift */; };
		8AC51FF827419080003832B8 /* AppDelegate.swift in Sources */ = {isa = PBXBuildFile; fileRef = 8AC51FF727419080003832B8 /* AppDelegate.swift */; };
		8AC5200127419082003832B8 /* Assets.xcassets in Resources */ = {isa = PBXBuildFile; fileRef = 8AC5200027419082003832B8 /* Assets.xcassets */; };
		8AC5200427419082003832B8 /* LaunchScreen.storyboard in Resources */ = {isa = PBXBuildFile; fileRef = 8AC5200227419082003832B8 /* LaunchScreen.storyboard */; };
		8AC5201027419656003832B8 /* Core in Frameworks */ = {isa = PBXBuildFile; productRef = 8AC5200F27419656003832B8 /* Core */; };
		8AC5201227419D81003832B8 /* Application in Frameworks */ = {isa = PBXBuildFile; productRef = 8AC5201127419D81003832B8 /* Application */; };
		8AC5201427419D81003832B8 /* Infrastructure in Frameworks */ = {isa = PBXBuildFile; productRef = 8AC5201327419D81003832B8 /* Infrastructure */; };
/* End PBXBuildFile section */

/* Begin PBXFileReference section */
		8A9AA3CD2742255500A03A4F /* RootCoordinator.swift */ = {isa = PBXFileReference; lastKnownFileType = sourcecode.swift; path = RootCoordinator.swift; sourceTree = "<group>"; };
		8AC51FF427419080003832B8 /* clean-architecture.app */ = {isa = PBXFileReference; explicitFileType = wrapper.application; includeInIndex = 0; path = "clean-architecture.app"; sourceTree = BUILT_PRODUCTS_DIR; };
		8AC51FF727419080003832B8 /* AppDelegate.swift */ = {isa = PBXFileReference; lastKnownFileType = sourcecode.swift; path = AppDelegate.swift; sourceTree = "<group>"; };
		8AC5200027419082003832B8 /* Assets.xcassets */ = {isa = PBXFileReference; lastKnownFileType = folder.assetcatalog; path = Assets.xcassets; sourceTree = "<group>"; };
		8AC5200327419082003832B8 /* Base */ = {isa = PBXFileReference; lastKnownFileType = file.storyboard; name = Base; path = Base.lproj/LaunchScreen.storyboard; sourceTree = "<group>"; };
		8AC5200527419082003832B8 /* Info.plist */ = {isa = PBXFileReference; lastKnownFileType = text.plist.xml; path = Info.plist; sourceTree = "<group>"; };
		8AC5200D274193C1003832B8 /* Development Packages */ = {isa = PBXFileReference; lastKnownFileType = folder; name = "Development Packages"; path = "Packages/Development Packages"; sourceTree = "<group>"; };
/* End PBXFileReference section */

/* Begin PBXFrameworksBuildPhase section */
		8AC51FF127419080003832B8 /* Frameworks */ = {
			isa = PBXFrameworksBuildPhase;
			buildActionMask = 2147483647;
			files = (
				8AC5201027419656003832B8 /* Core in Frameworks */,
				8A0B58362741CB5E00C77EFB /* AppleMusic in Frameworks */,
				8AC5201427419D81003832B8 /* Infrastructure in Frameworks */,
				8AC5201227419D81003832B8 /* Application in Frameworks */,
			);
			runOnlyForDeploymentPostprocessing = 0;
		};
/* End PBXFrameworksBuildPhase section */

/* Begin PBXGroup section */
		8AC51FEB2741907F003832B8 = {
			isa = PBXGroup;
			children = (
				8AC5200C274193C1003832B8 /* Packages */,
				8AC51FF627419080003832B8 /* clean-architecture */,
				8AC51FF527419080003832B8 /* Products */,
				8AC5200E27419656003832B8 /* Frameworks */,
			);
			sourceTree = "<group>";
		};
		8AC51FF527419080003832B8 /* Products */ = {
			isa = PBXGroup;
			children = (
				8AC51FF427419080003832B8 /* clean-architecture.app */,
			);
			name = Products;
			sourceTree = "<group>";
		};
		8AC51FF627419080003832B8 /* clean-architecture */ = {
			isa = PBXGroup;
			children = (
				8AC51FF727419080003832B8 /* AppDelegate.swift */,
				8A9AA3CD2742255500A03A4F /* RootCoordinator.swift */,
				8AC5200B274190B4003832B8 /* Sources */,
			);
			path = "clean-architecture";
			sourceTree = "<group>";
		};
		8AC5200B274190B4003832B8 /* Sources */ = {
			isa = PBXGroup;
			children = (
				8AC5200027419082003832B8 /* Assets.xcassets */,
				8AC5200227419082003832B8 /* LaunchScreen.storyboard */,
				8AC5200527419082003832B8 /* Info.plist */,
			);
			path = Sources;
			sourceTree = "<group>";
		};
		8AC5200C274193C1003832B8 /* Packages */ = {
			isa = PBXGroup;
			children = (
				8AC5200D274193C1003832B8 /* Development Packages */,
			);
			name = Packages;
			sourceTree = "<group>";
		};
		8AC5200E27419656003832B8 /* Frameworks */ = {
			isa = PBXGroup;
			children = (
			);
			name = Frameworks;
			sourceTree = "<group>";
		};
/* End PBXGroup section */

/* Begin PBXNativeTarget section */
		8AC51FF327419080003832B8 /* clean-architecture */ = {
			isa = PBXNativeTarget;
			buildConfigurationList = 8AC5200827419082003832B8 /* Build configuration list for PBXNativeTarget "clean-architecture" */;
			buildPhases = (
				8AC51FF027419080003832B8 /* Sources */,
				8AC51FF127419080003832B8 /* Frameworks */,
				8AC51FF227419080003832B8 /* Resources */,
			);
			buildRules = (
			);
			dependencies = (
			);
			name = "clean-architecture";
			packageProductDependencies = (
				8AC5200F27419656003832B8 /* Core */,
				8AC5201127419D81003832B8 /* Application */,
				8AC5201327419D81003832B8 /* Infrastructure */,
				8A0B58352741CB5E00C77EFB /* AppleMusic */,
			);
			productName = "clean-architecture";
			productReference = 8AC51FF427419080003832B8 /* clean-architecture.app */;
			productType = "com.apple.product-type.application";
		};
/* End PBXNativeTarget section */

/* Begin PBXProject section */
		8AC51FEC2741907F003832B8 /* Project object */ = {
			isa = PBXProject;
			attributes = {
				BuildIndependentTargetsInParallel = 1;
				LastSwiftUpdateCheck = 1310;
				LastUpgradeCheck = 1310;
				TargetAttributes = {
					8AC51FF327419080003832B8 = {
						CreatedOnToolsVersion = 13.1;
					};
				};
			};
			buildConfigurationList = 8AC51FEF27419080003832B8 /* Build configuration list for PBXProject "clean-architecture" */;
			compatibilityVersion = "Xcode 13.0";
			developmentRegion = en;
			hasScannedForEncodings = 0;
			knownRegions = (
				en,
				Base,
			);
			mainGroup = 8AC51FEB2741907F003832B8;
			productRefGroup = 8AC51FF527419080003832B8 /* Products */;
			projectDirPath = "";
			projectRoot = "";
			targets = (
				8AC51FF327419080003832B8 /* clean-architecture */,
			);
		};
/* End PBXProject section */

/* Begin PBXResourcesBuildPhase section */
		8AC51FF227419080003832B8 /* Resources */ = {
			isa = PBXResourcesBuildPhase;
			buildActionMask = 2147483647;
			files = (
				8AC5200427419082003832B8 /* LaunchScreen.storyboard in Resources */,
				8AC5200127419082003832B8 /* Assets.xcassets in Resources */,
			);
			runOnlyForDeploymentPostprocessing = 0;
		};
/* End PBXResourcesBuildPhase section */

/* Begin PBXSourcesBuildPhase section */
		8AC51FF027419080003832B8 /* Sources */ = {
			isa = PBXSourcesBuildPhase;
			buildActionMask = 2147483647;
			files = (
				8A9AA3CE2742255500A03A4F /* RootCoordinator.swift in Sources */,
				8AC51FF827419080003832B8 /* AppDelegate.swift in Sources */,
			);
			runOnlyForDeploymentPostprocessing = 0;
		};
/* End PBXSourcesBuildPhase section */

/* Begin PBXVariantGroup section */
		8AC5200227419082003832B8 /* LaunchScreen.storyboard */ = {
			isa = PBXVariantGroup;
			children = (
				8AC5200327419082003832B8 /* Base */,
			);
			name = LaunchScreen.storyboard;
			sourceTree = "<group>";
		};
/* End PBXVariantGroup section */

/* Begin XCBuildConfiguration section */
		8AC5200627419082003832B8 /* Debug */ = {
			isa = XCBuildConfiguration;
			buildSettings = {
				ALWAYS_SEARCH_USER_PATHS = NO;
				CLANG_ANALYZER_NONNULL = YES;
				CLANG_ANALYZER_NUMBER_OBJECT_CONVERSION = YES_AGGRESSIVE;
				CLANG_CXX_LANGUAGE_STANDARD = "gnu++17";
				CLANG_CXX_LIBRARY = "libc++";
				CLANG_ENABLE_MODULES = YES;
				CLANG_ENABLE_OBJC_ARC = YES;
				CLANG_ENABLE_OBJC_WEAK = YES;
				CLANG_WARN_BLOCK_CAPTURE_AUTORELEASING = YES;
				CLANG_WARN_BOOL_CONVERSION = YES;
				CLANG_WARN_COMMA = YES;
				CLANG_WARN_CONSTANT_CONVERSION = YES;
				CLANG_WARN_DEPRECATED_OBJC_IMPLEMENTATIONS = YES;
				CLANG_WARN_DIRECT_OBJC_ISA_USAGE = YES_ERROR;
				CLANG_WARN_DOCUMENTATION_COMMENTS = YES;
				CLANG_WARN_EMPTY_BODY = YES;
				CLANG_WARN_ENUM_CONVERSION = YES;
				CLANG_WARN_INFINITE_RECURSION = YES;
				CLANG_WARN_INT_CONVERSION = YES;
				CLANG_WARN_NON_LITERAL_NULL_CONVERSION = YES;
				CLANG_WARN_OBJC_IMPLICIT_RETAIN_SELF = YES;
				CLANG_WARN_OBJC_LITERAL_CONVERSION = YES;
				CLANG_WARN_OBJC_ROOT_CLASS = YES_ERROR;
				CLANG_WARN_QUOTED_INCLUDE_IN_FRAMEWORK_HEADER = YES;
				CLANG_WARN_RANGE_LOOP_ANALYSIS = YES;
				CLANG_WARN_STRICT_PROTOTYPES = YES;
				CLANG_WARN_SUSPICIOUS_MOVE = YES;
				CLANG_WARN_UNGUARDED_AVAILABILITY = YES_AGGRESSIVE;
				CLANG_WARN_UNREACHABLE_CODE = YES;
				CLANG_WARN__DUPLICATE_METHOD_MATCH = YES;
				COPY_PHASE_STRIP = NO;
				DEBUG_INFORMATION_FORMAT = dwarf;
				ENABLE_STRICT_OBJC_MSGSEND = YES;
				ENABLE_TESTABILITY = YES;
				GCC_C_LANGUAGE_STANDARD = gnu11;
				GCC_DYNAMIC_NO_PIC = NO;
				GCC_NO_COMMON_BLOCKS = YES;
				GCC_OPTIMIZATION_LEVEL = 0;
				GCC_PREPROCESSOR_DEFINITIONS = (
					"DEBUG=1",
					"$(inherited)",
				);
				GCC_WARN_64_TO_32_BIT_CONVERSION = YES;
				GCC_WARN_ABOUT_RETURN_TYPE = YES_ERROR;
				GCC_WARN_UNDECLARED_SELECTOR = YES;
				GCC_WARN_UNINITIALIZED_AUTOS = YES_AGGRESSIVE;
				GCC_WARN_UNUSED_FUNCTION = YES;
				GCC_WARN_UNUSED_VARIABLE = YES;
				IPHONEOS_DEPLOYMENT_TARGET = 15.0;
				MTL_ENABLE_DEBUG_INFO = INCLUDE_SOURCE;
				MTL_FAST_MATH = YES;
				ONLY_ACTIVE_ARCH = YES;
				SDKROOT = iphoneos;
				SWIFT_ACTIVE_COMPILATION_CONDITIONS = DEBUG;
				SWIFT_OPTIMIZATION_LEVEL = "-Onone";
			};
			name = Debug;
		};
		8AC5200727419082003832B8 /* Release */ = {
			isa = XCBuildConfiguration;
			buildSettings = {
				ALWAYS_SEARCH_USER_PATHS = NO;
				CLANG_ANALYZER_NONNULL = YES;
				CLANG_ANALYZER_NUMBER_OBJECT_CONVERSION = YES_AGGRESSIVE;
				CLANG_CXX_LANGUAGE_STANDARD = "gnu++17";
				CLANG_CXX_LIBRARY = "libc++";
				CLANG_ENABLE_MODULES = YES;
				CLANG_ENABLE_OBJC_ARC = YES;
				CLANG_ENABLE_OBJC_WEAK = YES;
				CLANG_WARN_BLOCK_CAPTURE_AUTORELEASING = YES;
				CLANG_WARN_BOOL_CONVERSION = YES;
				CLANG_WARN_COMMA = YES;
				CLANG_WARN_CONSTANT_CONVERSION = YES;
				CLANG_WARN_DEPRECATED_OBJC_IMPLEMENTATIONS = YES;
				CLANG_WARN_DIRECT_OBJC_ISA_USAGE = YES_ERROR;
				CLANG_WARN_DOCUMENTATION_COMMENTS = YES;
				CLANG_WARN_EMPTY_BODY = YES;
				CLANG_WARN_ENUM_CONVERSION = YES;
				CLANG_WARN_INFINITE_RECURSION = YES;
				CLANG_WARN_INT_CONVERSION = YES;
				CLANG_WARN_NON_LITERAL_NULL_CONVERSION = YES;
				CLANG_WARN_OBJC_IMPLICIT_RETAIN_SELF = YES;
				CLANG_WARN_OBJC_LITERAL_CONVERSION = YES;
				CLANG_WARN_OBJC_ROOT_CLASS = YES_ERROR;
				CLANG_WARN_QUOTED_INCLUDE_IN_FRAMEWORK_HEADER = YES;
				CLANG_WARN_RANGE_LOOP_ANALYSIS = YES;
				CLANG_WARN_STRICT_PROTOTYPES = YES;
				CLANG_WARN_SUSPICIOUS_MOVE = YES;
				CLANG_WARN_UNGUARDED_AVAILABILITY = YES_AGGRESSIVE;
				CLANG_WARN_UNREACHABLE_CODE = YES;
				CLANG_WARN__DUPLICATE_METHOD_MATCH = YES;
				COPY_PHASE_STRIP = NO;
				DEBUG_INFORMATION_FORMAT = "dwarf-with-dsym";
				ENABLE_NS_ASSERTIONS = NO;
				ENABLE_STRICT_OBJC_MSGSEND = YES;
				GCC_C_LANGUAGE_STANDARD = gnu11;
				GCC_NO_COMMON_BLOCKS = YES;
				GCC_WARN_64_TO_32_BIT_CONVERSION = YES;
				GCC_WARN_ABOUT_RETURN_TYPE = YES_ERROR;
				GCC_WARN_UNDECLARED_SELECTOR = YES;
				GCC_WARN_UNINITIALIZED_AUTOS = YES_AGGRESSIVE;
				GCC_WARN_UNUSED_FUNCTION = YES;
				GCC_WARN_UNUSED_VARIABLE = YES;
				IPHONEOS_DEPLOYMENT_TARGET = 15.0;
				MTL_ENABLE_DEBUG_INFO = NO;
				MTL_FAST_MATH = YES;
				SDKROOT = iphoneos;
				SWIFT_COMPILATION_MODE = wholemodule;
				SWIFT_OPTIMIZATION_LEVEL = "-O";
				VALIDATE_PRODUCT = YES;
			};
			name = Release;
		};
		8AC5200927419082003832B8 /* Debug */ = {
			isa = XCBuildConfiguration;
			buildSettings = {
				ASSETCATALOG_COMPILER_APPICON_NAME = AppIcon;
				ASSETCATALOG_COMPILER_GLOBAL_ACCENT_COLOR_NAME = AccentColor;
				CODE_SIGN_STYLE = Automatic;
				CURRENT_PROJECT_VERSION = 1;
				DEVELOPMENT_TEAM = C8F3CLJ592;
				GENERATE_INFOPLIST_FILE = YES;
				INFOPLIST_FILE = "clean-architecture/Sources/Info.plist";
				INFOPLIST_KEY_UIApplicationSupportsIndirectInputEvents = YES;
				INFOPLIST_KEY_UILaunchStoryboardName = LaunchScreen;
				INFOPLIST_KEY_UISupportedInterfaceOrientations = UIInterfaceOrientationPortrait;
				INFOPLIST_KEY_UISupportedInterfaceOrientations_iPad = "UIInterfaceOrientationPortrait UIInterfaceOrientationPortraitUpsideDown UIInterfaceOrientationLandscapeLeft UIInterfaceOrientationLandscapeRight";
				INFOPLIST_KEY_UISupportedInterfaceOrientations_iPhone = "UIInterfaceOrientationPortrait UIInterfaceOrientationLandscapeLeft UIInterfaceOrientationLandscapeRight";
				IPHONEOS_DEPLOYMENT_TARGET = 12.0;
				LD_RUNPATH_SEARCH_PATHS = (
					"$(inherited)",
					"@executable_path/Frameworks",
				);
				MARKETING_VERSION = 1.0;
				PRODUCT_BUNDLE_IDENTIFIER = "com.architecture.clean-architecture";
				PRODUCT_NAME = "$(TARGET_NAME)";
				SWIFT_EMIT_LOC_STRINGS = YES;
				SWIFT_VERSION = 5.0;
				TARGETED_DEVICE_FAMILY = "1,2";
			};
			name = Debug;
		};
		8AC5200A27419082003832B8 /* Release */ = {
			isa = XCBuildConfiguration;
			buildSettings = {
				ASSETCATALOG_COMPILER_APPICON_NAME = AppIcon;
				ASSETCATALOG_COMPILER_GLOBAL_ACCENT_COLOR_NAME = AccentColor;
				CODE_SIGN_STYLE = Automatic;
				CURRENT_PROJECT_VERSION = 1;
				DEVELOPMENT_TEAM = C8F3CLJ592;
				GENERATE_INFOPLIST_FILE = YES;
				INFOPLIST_FILE = "clean-architecture/Sources/Info.plist";
				INFOPLIST_KEY_UIApplicationSupportsIndirectInputEvents = YES;
				INFOPLIST_KEY_UILaunchStoryboardName = LaunchScreen;
				INFOPLIST_KEY_UISupportedInterfaceOrientations = UIInterfaceOrientationPortrait;
				INFOPLIST_KEY_UISupportedInterfaceOrientations_iPad = "UIInterfaceOrientationPortrait UIInterfaceOrientationPortraitUpsideDown UIInterfaceOrientationLandscapeLeft UIInterfaceOrientationLandscapeRight";
				INFOPLIST_KEY_UISupportedInterfaceOrientations_iPhone = "UIInterfaceOrientationPortrait UIInterfaceOrientationLandscapeLeft UIInterfaceOrientationLandscapeRight";
				IPHONEOS_DEPLOYMENT_TARGET = 12.0;
				LD_RUNPATH_SEARCH_PATHS = (
					"$(inherited)",
					"@executable_path/Frameworks",
				);
				MARKETING_VERSION = 1.0;
				PRODUCT_BUNDLE_IDENTIFIER = "com.architecture.clean-architecture";
				PRODUCT_NAME = "$(TARGET_NAME)";
				SWIFT_EMIT_LOC_STRINGS = YES;
				SWIFT_VERSION = 5.0;
				TARGETED_DEVICE_FAMILY = "1,2";
			};
			name = Release;
		};
/* End XCBuildConfiguration section */

/* Begin XCConfigurationList section */
		8AC51FEF27419080003832B8 /* Build configuration list for PBXProject "clean-architecture" */ = {
			isa = XCConfigurationList;
			buildConfigurations = (
				8AC5200627419082003832B8 /* Debug */,
				8AC5200727419082003832B8 /* Release */,
			);
			defaultConfigurationIsVisible = 0;
			defaultConfigurationName = Release;
		};
		8AC5200827419082003832B8 /* Build configuration list for PBXNativeTarget "clean-architecture" */ = {
			isa = XCConfigurationList;
			buildConfigurations = (
				8AC5200927419082003832B8 /* Debug */,
				8AC5200A27419082003832B8 /* Release */,
			);
			defaultConfigurationIsVisible = 0;
			defaultConfigurationName = Release;
		};
/* End XCConfigurationList section */

/* Begin XCSwiftPackageProductDependency section */
		8A0B58352741CB5E00C77EFB /* AppleMusic */ = {
			isa = XCSwiftPackageProductDependency;
			productName = AppleMusic;
		};
		8AC5200F27419656003832B8 /* Core */ = {
			isa = XCSwiftPackageProductDependency;
			productName = Core;
		};
		8AC5201127419D81003832B8 /* Application */ = {
			isa = XCSwiftPackageProductDependency;
			productName = Application;
		};
		8AC5201327419D81003832B8 /* Infrastructure */ = {
			isa = XCSwiftPackageProductDependency;
			productName = Infrastructure;
		};
/* End XCSwiftPackageProductDependency section */
	};
	rootObject = 8AC51FEC2741907F003832B8 /* Project object */;
}
